{
  "name": "mycloudobj",
  "lockfileVersion": 2,
  "requires": true,
  "packages": {
    "": {
      "name": "mycloudobj",
      "dependencies": {
        "utils-common": "file:../common/utils-common"
      }
    },
    "../common/utils-common": {
      "version": "1.0.0",
      "license": "ISC"
    },
    "node_modules/utils-common": {
      "resolved": "../common/utils-common",
      "link": true
    }
  },
  "dependencies": {
    "utils-common": {
      "version": "file:../common/utils-common"
    }
  }
}
